{
  "name": "npm-valid",
  "lockfileVersion": 3,
  "requires": true,
  "packages": {
    "": {
      "name": "npm-valid",
      "workspaces": ["packages/*"]
    },
    "packages/a": {
      "name": "@fixture/a",
      "version": "1.0.0"
    },
    "packages/b": {
      "name": "@fixture/b",
      "version": "1.0.0",
      "dependencies": {
        "@fixture/a": "workspace:*"
      }
    }
  }
}
